// !$*UTF8*$!
{
	archiveVersion = 1;
	classes = {
	};
	objectVersion = 50;
	objects = {

/* Begin PBXBuildFile section */
		1813D7E0259004A60042370A /* TabBarViewController.swift in Sources */ = {isa = PBXBuildFile; fileRef = 1813D7DF259004A60042370A /* TabBarViewController.swift */; };
		1813D7E6259005DC0042370A /* AppDependencyContainer.swift in Sources */ = {isa = PBXBuildFile; fileRef = 1813D7E5259005DC0042370A /* AppDependencyContainer.swift */; };
		1813D7EC2590063E0042370A /* UserListDependencyContainer.swift in Sources */ = {isa = PBXBuildFile; fileRef = 1813D7EB2590063D0042370A /* UserListDependencyContainer.swift */; };
		1813D7F2259008460042370A /* UserDataDependencyFactory.swift in Sources */ = {isa = PBXBuildFile; fileRef = 1813D7F1259008460042370A /* UserDataDependencyFactory.swift */; };
		1813D7FC259147860042370A /* AddUserViewController.swift in Sources */ = {isa = PBXBuildFile; fileRef = 1813D7FB259147860042370A /* AddUserViewController.swift */; };
		1813D802259147C90042370A /* AddUserViewModel.swift in Sources */ = {isa = PBXBuildFile; fileRef = 1813D801259147C90042370A /* AddUserViewModel.swift */; };
		1813D80C2591601E0042370A /* String+Email.swift in Sources */ = {isa = PBXBuildFile; fileRef = 1813D80B2591601E0042370A /* String+Email.swift */; };
		185237962591707F003145F4 /* UITextfield+Combine.swift in Sources */ = {isa = PBXBuildFile; fileRef = 185237952591707F003145F4 /* UITextfield+Combine.swift */; };
		1852379C2591A14F003145F4 /* SortFieldsTableViewController.swift in Sources */ = {isa = PBXBuildFile; fileRef = 1852379B2591A14F003145F4 /* SortFieldsTableViewController.swift */; };
		185237A22591A1E4003145F4 /* SortFieldsViewModel.swift in Sources */ = {isa = PBXBuildFile; fileRef = 185237A12591A1E4003145F4 /* SortFieldsViewModel.swift */; };
		185237AC25927593003145F4 /* UIViewController+Alert.swift in Sources */ = {isa = PBXBuildFile; fileRef = 185237AB25927593003145F4 /* UIViewController+Alert.swift */; };
		18DFA6FA258A92CE00538A08 /* AppDelegate.swift in Sources */ = {isa = PBXBuildFile; fileRef = 18DFA6F9258A92CE00538A08 /* AppDelegate.swift */; };
		18DFA6FC258A92CE00538A08 /* SceneDelegate.swift in Sources */ = {isa = PBXBuildFile; fileRef = 18DFA6FB258A92CE00538A08 /* SceneDelegate.swift */; };
		18DFA703258A92CF00538A08 /* Assets.xcassets in Resources */ = {isa = PBXBuildFile; fileRef = 18DFA702258A92CF00538A08 /* Assets.xcassets */; };
		18DFA706258A92CF00538A08 /* LaunchScreen.storyboard in Resources */ = {isa = PBXBuildFile; fileRef = 18DFA704258A92CF00538A08 /* LaunchScreen.storyboard */; };
		18DFA711258A92CF00538A08 /* CodeChallenge1AllNativeTests.swift in Sources */ = {isa = PBXBuildFile; fileRef = 18DFA710258A92CF00538A08 /* CodeChallenge1AllNativeTests.swift */; };
		18DFA71C258A92CF00538A08 /* CodeChallenge1AllNativeUITests.swift in Sources */ = {isa = PBXBuildFile; fileRef = 18DFA71B258A92CF00538A08 /* CodeChallenge1AllNativeUITests.swift */; };
		18DFA740258A933C00538A08 /* UserList+TableView.swift in Sources */ = {isa = PBXBuildFile; fileRef = 18DFA730258A933C00538A08 /* UserList+TableView.swift */; };
		18DFA741258A933C00538A08 /* UserListViewController.swift in Sources */ = {isa = PBXBuildFile; fileRef = 18DFA731258A933C00538A08 /* UserListViewController.swift */; };
		18DFA742258A933C00538A08 /* UserList.storyboard in Resources */ = {isa = PBXBuildFile; fileRef = 18DFA732258A933C00538A08 /* UserList.storyboard */; };
		18DFA743258A933C00538A08 /* MetaData.storyboard in Resources */ = {isa = PBXBuildFile; fileRef = 18DFA734258A933C00538A08 /* MetaData.storyboard */; };
		18DFA744258A933C00538A08 /* Main.storyboard in Resources */ = {isa = PBXBuildFile; fileRef = 18DFA735258A933C00538A08 /* Main.storyboard */; };
		18DFA745258A933C00538A08 /* AddUser.storyboard in Resources */ = {isa = PBXBuildFile; fileRef = 18DFA738258A933C00538A08 /* AddUser.storyboard */; };
		18DFA746258A933C00538A08 /* SortUser.storyboard in Resources */ = {isa = PBXBuildFile; fileRef = 18DFA73A258A933C00538A08 /* SortUser.storyboard */; };
		18DFA747258A933C00538A08 /* LoadingIndicatorTableHeaderFooterView.swift in Sources */ = {isa = PBXBuildFile; fileRef = 18DFA73D258A933C00538A08 /* LoadingIndicatorTableHeaderFooterView.swift */; };
		18DFA748258A933C00538A08 /* LoadingIndicatorTableHeaderFooterView.xib in Resources */ = {isa = PBXBuildFile; fileRef = 18DFA73E258A933C00538A08 /* LoadingIndicatorTableHeaderFooterView.xib */; };
		18DFA760258A93C400538A08 /* CodeChallengeModel.framework in Frameworks */ = {isa = PBXBuildFile; fileRef = 18DFA757258A93C400538A08 /* CodeChallengeModel.framework */; };
		18DFA767258A93C400538A08 /* CodeChallengeModelTests.swift in Sources */ = {isa = PBXBuildFile; fileRef = 18DFA766258A93C400538A08 /* CodeChallengeModelTests.swift */; };
		18DFA769258A93C400538A08 /* CodeChallengeModel.h in Headers */ = {isa = PBXBuildFile; fileRef = 18DFA759258A93C400538A08 /* CodeChallengeModel.h */; settings = {ATTRIBUTES = (Public, ); }; };
		18DFA76C258A93C400538A08 /* CodeChallengeModel.framework in Frameworks */ = {isa = PBXBuildFile; fileRef = 18DFA757258A93C400538A08 /* CodeChallengeModel.framework */; };
		18DFA76D258A93C400538A08 /* CodeChallengeModel.framework in Embed Frameworks */ = {isa = PBXBuildFile; fileRef = 18DFA757258A93C400538A08 /* CodeChallengeModel.framework */; settings = {ATTRIBUTES = (CodeSignOnCopy, RemoveHeadersOnCopy, ); }; };
		18DFA780258A952900538A08 /* String+Date.swift in Sources */ = {isa = PBXBuildFile; fileRef = 18DFA77D258A952900538A08 /* String+Date.swift */; };
		18DFA78D258A960B00538A08 /* UserDTO.swift in Sources */ = {isa = PBXBuildFile; fileRef = 18DFA78C258A960B00538A08 /* UserDTO.swift */; };
		18DFA793258A962B00538A08 /* NetworkConstants.swift in Sources */ = {isa = PBXBuildFile; fileRef = 18DFA792258A962B00538A08 /* NetworkConstants.swift */; };
		18DFA7A8258A97B400538A08 /* User.swift in Sources */ = {isa = PBXBuildFile; fileRef = 18DFA7A7258A97B400538A08 /* User.swift */; };
		18DFA7AF258A9D0700538A08 /* UserDataRepository.swift in Sources */ = {isa = PBXBuildFile; fileRef = 18DFA7AE258A9D0700538A08 /* UserDataRepository.swift */; };
		18DFA7B6258AB14300538A08 /* UserService.swift in Sources */ = {isa = PBXBuildFile; fileRef = 18DFA7B5258AB14300538A08 /* UserService.swift */; };
		18DFA7BC258ABA9B00538A08 /* Endpoint.swift in Sources */ = {isa = PBXBuildFile; fileRef = 18DFA7BB258ABA9B00538A08 /* Endpoint.swift */; };
		18DFA7C2258AC03100538A08 /* APIError.swift in Sources */ = {isa = PBXBuildFile; fileRef = 18DFA7C1258AC03100538A08 /* APIError.swift */; };
		18DFA7CD258AC57400538A08 /* UserService+Endpoint.swift in Sources */ = {isa = PBXBuildFile; fileRef = 18DFA7CC258AC57400538A08 /* UserService+Endpoint.swift */; };
		18DFA7D4258AC6D800538A08 /* UserRestfulService.swift in Sources */ = {isa = PBXBuildFile; fileRef = 18DFA7D3258AC6D800538A08 /* UserRestfulService.swift */; };
		18DFA7DE258AD2C200538A08 /* UserReponseErrorDTO.swift in Sources */ = {isa = PBXBuildFile; fileRef = 18DFA7DD258AD2C200538A08 /* UserReponseErrorDTO.swift */; };
		18DFA7F0258ADD2000538A08 /* UserReponseSuccessDTO.swift in Sources */ = {isa = PBXBuildFile; fileRef = 18DFA7EF258ADD2000538A08 /* UserReponseSuccessDTO.swift */; };
		18DFA7FA258AE71200538A08 /* UserRepository.swift in Sources */ = {isa = PBXBuildFile; fileRef = 18DFA7F9258AE71200538A08 /* UserRepository.swift */; };
		18DFA812258AF63800538A08 /* User+DTO.swift in Sources */ = {isa = PBXBuildFile; fileRef = 18DFA811258AF63800538A08 /* User+DTO.swift */; };
		18DFA824258B40DF00538A08 /* UserListViewModel.swift in Sources */ = {isa = PBXBuildFile; fileRef = 18DFA823258B40DF00538A08 /* UserListViewModel.swift */; };
		18DFA837258C283A00538A08 /* UIScrollView.swift in Sources */ = {isa = PBXBuildFile; fileRef = 18DFA836258C283900538A08 /* UIScrollView.swift */; };
/* End PBXBuildFile section */

/* Begin PBXContainerItemProxy section */
		18DFA70D258A92CF00538A08 /* PBXContainerItemProxy */ = {
			isa = PBXContainerItemProxy;
			containerPortal = 18DFA6EE258A92CE00538A08 /* Project object */;
			proxyType = 1;
			remoteGlobalIDString = 18DFA6F5258A92CE00538A08;
			remoteInfo = CodeChallenge1AllNative;
		};
		18DFA718258A92CF00538A08 /* PBXContainerItemProxy */ = {
			isa = PBXContainerItemProxy;
			containerPortal = 18DFA6EE258A92CE00538A08 /* Project object */;
			proxyType = 1;
			remoteGlobalIDString = 18DFA6F5258A92CE00538A08;
			remoteInfo = CodeChallenge1AllNative;
		};
		18DFA761258A93C400538A08 /* PBXContainerItemProxy */ = {
			isa = PBXContainerItemProxy;
			containerPortal = 18DFA6EE258A92CE00538A08 /* Project object */;
			proxyType = 1;
			remoteGlobalIDString = 18DFA756258A93C400538A08;
			remoteInfo = CodeChallengeModel;
		};
		18DFA763258A93C400538A08 /* PBXContainerItemProxy */ = {
			isa = PBXContainerItemProxy;
			containerPortal = 18DFA6EE258A92CE00538A08 /* Project object */;
			proxyType = 1;
			remoteGlobalIDString = 18DFA6F5258A92CE00538A08;
			remoteInfo = CodeChallenge1AllNative;
		};
		18DFA76A258A93C400538A08 /* PBXContainerItemProxy */ = {
			isa = PBXContainerItemProxy;
			containerPortal = 18DFA6EE258A92CE00538A08 /* Project object */;
			proxyType = 1;
			remoteGlobalIDString = 18DFA756258A93C400538A08;
			remoteInfo = CodeChallengeModel;
		};
/* End PBXContainerItemProxy section */

/* Begin PBXCopyFilesBuildPhase section */
		18DFA771258A93C400538A08 /* Embed Frameworks */ = {
			isa = PBXCopyFilesBuildPhase;
			buildActionMask = 2147483647;
			dstPath = "";
			dstSubfolderSpec = 10;
			files = (
				18DFA76D258A93C400538A08 /* CodeChallengeModel.framework in Embed Frameworks */,
			);
			name = "Embed Frameworks";
			runOnlyForDeploymentPostprocessing = 0;
		};
/* End PBXCopyFilesBuildPhase section */

/* Begin PBXFileReference section */
		1813D7DF259004A60042370A /* TabBarViewController.swift */ = {isa = PBXFileReference; lastKnownFileType = sourcecode.swift; path = TabBarViewController.swift; sourceTree = "<group>"; };
		1813D7E5259005DC0042370A /* AppDependencyContainer.swift */ = {isa = PBXFileReference; lastKnownFileType = sourcecode.swift; path = AppDependencyContainer.swift; sourceTree = "<group>"; };
		1813D7EB2590063D0042370A /* UserListDependencyContainer.swift */ = {isa = PBXFileReference; lastKnownFileType = sourcecode.swift; path = UserListDependencyContainer.swift; sourceTree = "<group>"; };
		1813D7F1259008460042370A /* UserDataDependencyFactory.swift */ = {isa = PBXFileReference; lastKnownFileType = sourcecode.swift; path = UserDataDependencyFactory.swift; sourceTree = "<group>"; };
		1813D7FB259147860042370A /* AddUserViewController.swift */ = {isa = PBXFileReference; lastKnownFileType = sourcecode.swift; path = AddUserViewController.swift; sourceTree = "<group>"; };
		1813D801259147C90042370A /* AddUserViewModel.swift */ = {isa = PBXFileReference; lastKnownFileType = sourcecode.swift; path = AddUserViewModel.swift; sourceTree = "<group>"; };
		1813D80B2591601E0042370A /* String+Email.swift */ = {isa = PBXFileReference; lastKnownFileType = sourcecode.swift; path = "String+Email.swift"; sourceTree = "<group>"; };
		185237952591707F003145F4 /* UITextfield+Combine.swift */ = {isa = PBXFileReference; lastKnownFileType = sourcecode.swift; path = "UITextfield+Combine.swift"; sourceTree = "<group>"; };
		1852379B2591A14F003145F4 /* SortFieldsTableViewController.swift */ = {isa = PBXFileReference; lastKnownFileType = sourcecode.swift; path = SortFieldsTableViewController.swift; sourceTree = "<group>"; };
		185237A12591A1E4003145F4 /* SortFieldsViewModel.swift */ = {isa = PBXFileReference; lastKnownFileType = sourcecode.swift; path = SortFieldsViewModel.swift; sourceTree = "<group>"; };
		185237AB25927593003145F4 /* UIViewController+Alert.swift */ = {isa = PBXFileReference; lastKnownFileType = sourcecode.swift; path = "UIViewController+Alert.swift"; sourceTree = "<group>"; };
		18DFA6F6258A92CE00538A08 /* CodeChallenge1AllNative.app */ = {isa = PBXFileReference; explicitFileType = wrapper.application; includeInIndex = 0; path = CodeChallenge1AllNative.app; sourceTree = BUILT_PRODUCTS_DIR; };
		18DFA6F9258A92CE00538A08 /* AppDelegate.swift */ = {isa = PBXFileReference; lastKnownFileType = sourcecode.swift; path = AppDelegate.swift; sourceTree = "<group>"; };
		18DFA6FB258A92CE00538A08 /* SceneDelegate.swift */ = {isa = PBXFileReference; lastKnownFileType = sourcecode.swift; path = SceneDelegate.swift; sourceTree = "<group>"; };
		18DFA702258A92CF00538A08 /* Assets.xcassets */ = {isa = PBXFileReference; lastKnownFileType = folder.assetcatalog; path = Assets.xcassets; sourceTree = "<group>"; };
		18DFA705258A92CF00538A08 /* Base */ = {isa = PBXFileReference; lastKnownFileType = file.storyboard; name = Base; path = Base.lproj/LaunchScreen.storyboard; sourceTree = "<group>"; };
		18DFA707258A92CF00538A08 /* Info.plist */ = {isa = PBXFileReference; lastKnownFileType = text.plist.xml; path = Info.plist; sourceTree = "<group>"; };
		18DFA70C258A92CF00538A08 /* CodeChallenge1AllNativeTests.xctest */ = {isa = PBXFileReference; explicitFileType = wrapper.cfbundle; includeInIndex = 0; path = CodeChallenge1AllNativeTests.xctest; sourceTree = BUILT_PRODUCTS_DIR; };
		18DFA710258A92CF00538A08 /* CodeChallenge1AllNativeTests.swift */ = {isa = PBXFileReference; lastKnownFileType = sourcecode.swift; path = CodeChallenge1AllNativeTests.swift; sourceTree = "<group>"; };
		18DFA712258A92CF00538A08 /* Info.plist */ = {isa = PBXFileReference; lastKnownFileType = text.plist.xml; path = Info.plist; sourceTree = "<group>"; };
		18DFA717258A92CF00538A08 /* CodeChallenge1AllNativeUITests.xctest */ = {isa = PBXFileReference; explicitFileType = wrapper.cfbundle; includeInIndex = 0; path = CodeChallenge1AllNativeUITests.xctest; sourceTree = BUILT_PRODUCTS_DIR; };
		18DFA71B258A92CF00538A08 /* CodeChallenge1AllNativeUITests.swift */ = {isa = PBXFileReference; lastKnownFileType = sourcecode.swift; path = CodeChallenge1AllNativeUITests.swift; sourceTree = "<group>"; };
		18DFA71D258A92CF00538A08 /* Info.plist */ = {isa = PBXFileReference; lastKnownFileType = text.plist.xml; path = Info.plist; sourceTree = "<group>"; };
		18DFA730258A933C00538A08 /* UserList+TableView.swift */ = {isa = PBXFileReference; fileEncoding = 4; lastKnownFileType = sourcecode.swift; path = "UserList+TableView.swift"; sourceTree = "<group>"; };
		18DFA731258A933C00538A08 /* UserListViewController.swift */ = {isa = PBXFileReference; fileEncoding = 4; lastKnownFileType = sourcecode.swift; path = UserListViewController.swift; sourceTree = "<group>"; };
		18DFA732258A933C00538A08 /* UserList.storyboard */ = {isa = PBXFileReference; fileEncoding = 4; lastKnownFileType = file.storyboard; path = UserList.storyboard; sourceTree = "<group>"; };
		18DFA734258A933C00538A08 /* MetaData.storyboard */ = {isa = PBXFileReference; fileEncoding = 4; lastKnownFileType = file.storyboard; path = MetaData.storyboard; sourceTree = "<group>"; };
		18DFA736258A933C00538A08 /* Base */ = {isa = PBXFileReference; lastKnownFileType = file.storyboard; name = Base; path = Base.lproj/Main.storyboard; sourceTree = "<group>"; };
		18DFA738258A933C00538A08 /* AddUser.storyboard */ = {isa = PBXFileReference; fileEncoding = 4; lastKnownFileType = file.storyboard; path = AddUser.storyboard; sourceTree = "<group>"; };
		18DFA73A258A933C00538A08 /* SortUser.storyboard */ = {isa = PBXFileReference; fileEncoding = 4; lastKnownFileType = file.storyboard; path = SortUser.storyboard; sourceTree = "<group>"; };
		18DFA73D258A933C00538A08 /* LoadingIndicatorTableHeaderFooterView.swift */ = {isa = PBXFileReference; fileEncoding = 4; lastKnownFileType = sourcecode.swift; path = LoadingIndicatorTableHeaderFooterView.swift; sourceTree = "<group>"; };
		18DFA73E258A933C00538A08 /* LoadingIndicatorTableHeaderFooterView.xib */ = {isa = PBXFileReference; fileEncoding = 4; lastKnownFileType = file.xib; path = LoadingIndicatorTableHeaderFooterView.xib; sourceTree = "<group>"; };
		18DFA757258A93C400538A08 /* CodeChallengeModel.framework */ = {isa = PBXFileReference; explicitFileType = wrapper.framework; includeInIndex = 0; path = CodeChallengeModel.framework; sourceTree = BUILT_PRODUCTS_DIR; };
		18DFA759258A93C400538A08 /* CodeChallengeModel.h */ = {isa = PBXFileReference; lastKnownFileType = sourcecode.c.h; path = CodeChallengeModel.h; sourceTree = "<group>"; };
		18DFA75A258A93C400538A08 /* Info.plist */ = {isa = PBXFileReference; lastKnownFileType = text.plist.xml; path = Info.plist; sourceTree = "<group>"; };
		18DFA75F258A93C400538A08 /* CodeChallengeModelTests.xctest */ = {isa = PBXFileReference; explicitFileType = wrapper.cfbundle; includeInIndex = 0; path = CodeChallengeModelTests.xctest; sourceTree = BUILT_PRODUCTS_DIR; };
		18DFA766258A93C400538A08 /* CodeChallengeModelTests.swift */ = {isa = PBXFileReference; lastKnownFileType = sourcecode.swift; path = CodeChallengeModelTests.swift; sourceTree = "<group>"; };
		18DFA768258A93C400538A08 /* Info.plist */ = {isa = PBXFileReference; lastKnownFileType = text.plist.xml; path = Info.plist; sourceTree = "<group>"; };
		18DFA77D258A952900538A08 /* String+Date.swift */ = {isa = PBXFileReference; fileEncoding = 4; lastKnownFileType = sourcecode.swift; path = "String+Date.swift"; sourceTree = "<group>"; };
		18DFA78C258A960B00538A08 /* UserDTO.swift */ = {isa = PBXFileReference; fileEncoding = 4; lastKnownFileType = sourcecode.swift; path = UserDTO.swift; sourceTree = "<group>"; };
		18DFA792258A962B00538A08 /* NetworkConstants.swift */ = {isa = PBXFileReference; fileEncoding = 4; lastKnownFileType = sourcecode.swift; path = NetworkConstants.swift; sourceTree = "<group>"; };
		18DFA7A7258A97B400538A08 /* User.swift */ = {isa = PBXFileReference; lastKnownFileType = sourcecode.swift; path = User.swift; sourceTree = "<group>"; };
		18DFA7AE258A9D0700538A08 /* UserDataRepository.swift */ = {isa = PBXFileReference; lastKnownFileType = sourcecode.swift; path = UserDataRepository.swift; sourceTree = "<group>"; };
		18DFA7B5258AB14300538A08 /* UserService.swift */ = {isa = PBXFileReference; lastKnownFileType = sourcecode.swift; path = UserService.swift; sourceTree = "<group>"; };
		18DFA7BB258ABA9B00538A08 /* Endpoint.swift */ = {isa = PBXFileReference; fileEncoding = 4; lastKnownFileType = sourcecode.swift; path = Endpoint.swift; sourceTree = "<group>"; };
		18DFA7C1258AC03100538A08 /* APIError.swift */ = {isa = PBXFileReference; lastKnownFileType = sourcecode.swift; path = APIError.swift; sourceTree = "<group>"; };
		18DFA7CC258AC57400538A08 /* UserService+Endpoint.swift */ = {isa = PBXFileReference; lastKnownFileType = sourcecode.swift; path = "UserService+Endpoint.swift"; sourceTree = "<group>"; };
		18DFA7D3258AC6D800538A08 /* UserRestfulService.swift */ = {isa = PBXFileReference; lastKnownFileType = sourcecode.swift; path = UserRestfulService.swift; sourceTree = "<group>"; };
		18DFA7DD258AD2C200538A08 /* UserReponseErrorDTO.swift */ = {isa = PBXFileReference; lastKnownFileType = sourcecode.swift; path = UserReponseErrorDTO.swift; sourceTree = "<group>"; };
		18DFA7EF258ADD2000538A08 /* UserReponseSuccessDTO.swift */ = {isa = PBXFileReference; lastKnownFileType = sourcecode.swift; path = UserReponseSuccessDTO.swift; sourceTree = "<group>"; };
		18DFA7F9258AE71200538A08 /* UserRepository.swift */ = {isa = PBXFileReference; lastKnownFileType = sourcecode.swift; path = UserRepository.swift; sourceTree = "<group>"; };
		18DFA811258AF63800538A08 /* User+DTO.swift */ = {isa = PBXFileReference; lastKnownFileType = sourcecode.swift; path = "User+DTO.swift"; sourceTree = "<group>"; };
		18DFA823258B40DF00538A08 /* UserListViewModel.swift */ = {isa = PBXFileReference; lastKnownFileType = sourcecode.swift; path = UserListViewModel.swift; sourceTree = "<group>"; };
		18DFA836258C283900538A08 /* UIScrollView.swift */ = {isa = PBXFileReference; lastKnownFileType = sourcecode.swift; path = UIScrollView.swift; sourceTree = "<group>"; };
/* End PBXFileReference section */

/* Begin PBXFrameworksBuildPhase section */
		18DFA6F3258A92CE00538A08 /* Frameworks */ = {
			isa = PBXFrameworksBuildPhase;
			buildActionMask = 2147483647;
			files = (
				18DFA76C258A93C400538A08 /* CodeChallengeModel.framework in Frameworks */,
			);
			runOnlyForDeploymentPostprocessing = 0;
		};
		18DFA709258A92CF00538A08 /* Frameworks */ = {
			isa = PBXFrameworksBuildPhase;
			buildActionMask = 2147483647;
			files = (
			);
			runOnlyForDeploymentPostprocessing = 0;
		};
		18DFA714258A92CF00538A08 /* Frameworks */ = {
			isa = PBXFrameworksBuildPhase;
			buildActionMask = 2147483647;
			files = (
			);
			runOnlyForDeploymentPostprocessing = 0;
		};
		18DFA754258A93C400538A08 /* Frameworks */ = {
			isa = PBXFrameworksBuildPhase;
			buildActionMask = 2147483647;
			files = (
			);
			runOnlyForDeploymentPostprocessing = 0;
		};
		18DFA75C258A93C400538A08 /* Frameworks */ = {
			isa = PBXFrameworksBuildPhase;
			buildActionMask = 2147483647;
			files = (
				18DFA760258A93C400538A08 /* CodeChallengeModel.framework in Frameworks */,
			);
			runOnlyForDeploymentPostprocessing = 0;
		};
/* End PBXFrameworksBuildPhase section */

/* Begin PBXGroup section */
		18DFA6ED258A92CE00538A08 = {
			isa = PBXGroup;
			children = (
				18DFA6F8258A92CE00538A08 /* CodeChallenge1AllNative */,
				18DFA70F258A92CF00538A08 /* CodeChallenge1AllNativeTests */,
				18DFA71A258A92CF00538A08 /* CodeChallenge1AllNativeUITests */,
				18DFA758258A93C400538A08 /* CodeChallengeModel */,
				18DFA765258A93C400538A08 /* CodeChallengeModelTests */,
				18DFA6F7258A92CE00538A08 /* Products */,
			);
			sourceTree = "<group>";
		};
		18DFA6F7258A92CE00538A08 /* Products */ = {
			isa = PBXGroup;
			children = (
				18DFA6F6258A92CE00538A08 /* CodeChallenge1AllNative.app */,
				18DFA70C258A92CF00538A08 /* CodeChallenge1AllNativeTests.xctest */,
				18DFA717258A92CF00538A08 /* CodeChallenge1AllNativeUITests.xctest */,
				18DFA757258A93C400538A08 /* CodeChallengeModel.framework */,
				18DFA75F258A93C400538A08 /* CodeChallengeModelTests.xctest */,
			);
			name = Products;
			sourceTree = "<group>";
		};
		18DFA6F8258A92CE00538A08 /* CodeChallenge1AllNative */ = {
			isa = PBXGroup;
			children = (
				18DFA6F9258A92CE00538A08 /* AppDelegate.swift */,
				18DFA6FB258A92CE00538A08 /* SceneDelegate.swift */,
				1813D7E5259005DC0042370A /* AppDependencyContainer.swift */,
				18DFA72C258A933C00538A08 /* Scenes */,
				18DFA73B258A933C00538A08 /* Common Views */,
				18DFA702258A92CF00538A08 /* Assets.xcassets */,
				18DFA704258A92CF00538A08 /* LaunchScreen.storyboard */,
				18DFA707258A92CF00538A08 /* Info.plist */,
			);
			path = CodeChallenge1AllNative;
			sourceTree = "<group>";
		};
		18DFA70F258A92CF00538A08 /* CodeChallenge1AllNativeTests */ = {
			isa = PBXGroup;
			children = (
				18DFA710258A92CF00538A08 /* CodeChallenge1AllNativeTests.swift */,
				18DFA712258A92CF00538A08 /* Info.plist */,
			);
			path = CodeChallenge1AllNativeTests;
			sourceTree = "<group>";
		};
		18DFA71A258A92CF00538A08 /* CodeChallenge1AllNativeUITests */ = {
			isa = PBXGroup;
			children = (
				18DFA71B258A92CF00538A08 /* CodeChallenge1AllNativeUITests.swift */,
				18DFA71D258A92CF00538A08 /* Info.plist */,
			);
			path = CodeChallenge1AllNativeUITests;
			sourceTree = "<group>";
		};
		18DFA72C258A933C00538A08 /* Scenes */ = {
			isa = PBXGroup;
			children = (
				18DFA735258A933C00538A08 /* Main.storyboard */,
				1813D7DF259004A60042370A /* TabBarViewController.swift */,
				1813D7EB2590063D0042370A /* UserListDependencyContainer.swift */,
				18DFA72D258A933C00538A08 /* User list */,
				18DFA737258A933C00538A08 /* Add user */,
				18DFA739258A933C00538A08 /* Sort user */,
				18DFA733258A933C00538A08 /* Meta data */,
			);
			path = Scenes;
			sourceTree = "<group>";
		};
		18DFA72D258A933C00538A08 /* User list */ = {
			isa = PBXGroup;
			children = (
				18DFA732258A933C00538A08 /* UserList.storyboard */,
				18DFA730258A933C00538A08 /* UserList+TableView.swift */,
				18DFA731258A933C00538A08 /* UserListViewController.swift */,
				18DFA823258B40DF00538A08 /* UserListViewModel.swift */,
			);
			path = "User list";
			sourceTree = "<group>";
		};
		18DFA733258A933C00538A08 /* Meta data */ = {
			isa = PBXGroup;
			children = (
				18DFA734258A933C00538A08 /* MetaData.storyboard */,
			);
			path = "Meta data";
			sourceTree = "<group>";
		};
		18DFA737258A933C00538A08 /* Add user */ = {
			isa = PBXGroup;
			children = (
				18DFA738258A933C00538A08 /* AddUser.storyboard */,
				1813D7FB259147860042370A /* AddUserViewController.swift */,
				1813D801259147C90042370A /* AddUserViewModel.swift */,
			);
			path = "Add user";
			sourceTree = "<group>";
		};
		18DFA739258A933C00538A08 /* Sort user */ = {
			isa = PBXGroup;
			children = (
				18DFA73A258A933C00538A08 /* SortUser.storyboard */,
				1852379B2591A14F003145F4 /* SortFieldsTableViewController.swift */,
				185237A12591A1E4003145F4 /* SortFieldsViewModel.swift */,
			);
			path = "Sort user";
			sourceTree = "<group>";
		};
		18DFA73B258A933C00538A08 /* Common Views */ = {
			isa = PBXGroup;
			children = (
				18DFA835258C281700538A08 /* Extensions */,
				18DFA73C258A933C00538A08 /* Table header + footer */,
			);
			path = "Common Views";
			sourceTree = "<group>";
		};
		18DFA73C258A933C00538A08 /* Table header + footer */ = {
			isa = PBXGroup;
			children = (
				18DFA73D258A933C00538A08 /* LoadingIndicatorTableHeaderFooterView.swift */,
				18DFA73E258A933C00538A08 /* LoadingIndicatorTableHeaderFooterView.xib */,
			);
			path = "Table header + footer";
			sourceTree = "<group>";
		};
		18DFA758258A93C400538A08 /* CodeChallengeModel */ = {
			isa = PBXGroup;
			children = (
				1813D7F1259008460042370A /* UserDataDependencyFactory.swift */,
				18DFA77A258A948100538A08 /* Data */,
				18DFA779258A946300538A08 /* Network */,
				18DFA77B258A952900538A08 /* Utility */,
				18DFA759258A93C400538A08 /* CodeChallengeModel.h */,
				18DFA75A258A93C400538A08 /* Info.plist */,
			);
			path = CodeChallengeModel;
			sourceTree = "<group>";
		};
		18DFA765258A93C400538A08 /* CodeChallengeModelTests */ = {
			isa = PBXGroup;
			children = (
				18DFA766258A93C400538A08 /* CodeChallengeModelTests.swift */,
				18DFA768258A93C400538A08 /* Info.plist */,
			);
			path = CodeChallengeModelTests;
			sourceTree = "<group>";
		};
		18DFA779258A946300538A08 /* Network */ = {
			isa = PBXGroup;
			children = (
				18DFA792258A962B00538A08 /* NetworkConstants.swift */,
				18DFA7C7258AC55D00538A08 /* Endpoint */,
				18DFA7D2258AC66100538A08 /* Service */,
				18DFA78B258A960B00538A08 /* DTO Model */,
			);
			path = Network;
			sourceTree = "<group>";
		};
		18DFA77A258A948100538A08 /* Data */ = {
			isa = PBXGroup;
			children = (
				18DFA7C1258AC03100538A08 /* APIError.swift */,
				18DFA7AD258A9C8700538A08 /* Repo */,
				18DFA7A6258A979C00538A08 /* Model */,
			);
			path = Data;
			sourceTree = "<group>";
		};
		18DFA77B258A952900538A08 /* Utility */ = {
			isa = PBXGroup;
			children = (
				18DFA77C258A952900538A08 /* Extensions */,
			);
			path = Utility;
			sourceTree = "<group>";
		};
		18DFA77C258A952900538A08 /* Extensions */ = {
			isa = PBXGroup;
			children = (
				18DFA77D258A952900538A08 /* String+Date.swift */,
				1813D80B2591601E0042370A /* String+Email.swift */,
			);
			path = Extensions;
			sourceTree = "<group>";
		};
		18DFA78B258A960B00538A08 /* DTO Model */ = {
			isa = PBXGroup;
			children = (
				18DFA78C258A960B00538A08 /* UserDTO.swift */,
				18DFA7EF258ADD2000538A08 /* UserReponseSuccessDTO.swift */,
				18DFA7DD258AD2C200538A08 /* UserReponseErrorDTO.swift */,
			);
			path = "DTO Model";
			sourceTree = "<group>";
		};
		18DFA7A6258A979C00538A08 /* Model */ = {
			isa = PBXGroup;
			children = (
				18DFA7A7258A97B400538A08 /* User.swift */,
				18DFA811258AF63800538A08 /* User+DTO.swift */,
			);
			path = Model;
			sourceTree = "<group>";
		};
		18DFA7AD258A9C8700538A08 /* Repo */ = {
			isa = PBXGroup;
			children = (
				18DFA7F9258AE71200538A08 /* UserRepository.swift */,
				18DFA7AE258A9D0700538A08 /* UserDataRepository.swift */,
			);
			path = Repo;
			sourceTree = "<group>";
		};
		18DFA7C7258AC55D00538A08 /* Endpoint */ = {
			isa = PBXGroup;
			children = (
				18DFA7BB258ABA9B00538A08 /* Endpoint.swift */,
				18DFA7CC258AC57400538A08 /* UserService+Endpoint.swift */,
			);
			path = Endpoint;
			sourceTree = "<group>";
		};
		18DFA7D2258AC66100538A08 /* Service */ = {
			isa = PBXGroup;
			children = (
				18DFA7B5258AB14300538A08 /* UserService.swift */,
				18DFA7D3258AC6D800538A08 /* UserRestfulService.swift */,
			);
			path = Service;
			sourceTree = "<group>";
		};
		18DFA835258C281700538A08 /* Extensions */ = {
			isa = PBXGroup;
			children = (
				18DFA836258C283900538A08 /* UIScrollView.swift */,
				185237952591707F003145F4 /* UITextfield+Combine.swift */,
				185237AB25927593003145F4 /* UIViewController+Alert.swift */,
			);
			path = Extensions;
			sourceTree = "<group>";
		};
/* End PBXGroup section */

/* Begin PBXHeadersBuildPhase section */
		18DFA752258A93C400538A08 /* Headers */ = {
			isa = PBXHeadersBuildPhase;
			buildActionMask = 2147483647;
			files = (
				18DFA769258A93C400538A08 /* CodeChallengeModel.h in Headers */,
			);
			runOnlyForDeploymentPostprocessing = 0;
		};
/* End PBXHeadersBuildPhase section */

/* Begin PBXNativeTarget section */
		18DFA6F5258A92CE00538A08 /* CodeChallenge1AllNative */ = {
			isa = PBXNativeTarget;
			buildConfigurationList = 18DFA720258A92CF00538A08 /* Build configuration list for PBXNativeTarget "CodeChallenge1AllNative" */;
			buildPhases = (
				18DFA6F2258A92CE00538A08 /* Sources */,
				18DFA6F3258A92CE00538A08 /* Frameworks */,
				18DFA6F4258A92CE00538A08 /* Resources */,
				18DFA771258A93C400538A08 /* Embed Frameworks */,
			);
			buildRules = (
			);
			dependencies = (
				18DFA76B258A93C400538A08 /* PBXTargetDependency */,
			);
			name = CodeChallenge1AllNative;
			productName = CodeChallenge1AllNative;
			productReference = 18DFA6F6258A92CE00538A08 /* CodeChallenge1AllNative.app */;
			productType = "com.apple.product-type.application";
		};
		18DFA70B258A92CF00538A08 /* CodeChallenge1AllNativeTests */ = {
			isa = PBXNativeTarget;
			buildConfigurationList = 18DFA723258A92CF00538A08 /* Build configuration list for PBXNativeTarget "CodeChallenge1AllNativeTests" */;
			buildPhases = (
				18DFA708258A92CF00538A08 /* Sources */,
				18DFA709258A92CF00538A08 /* Frameworks */,
				18DFA70A258A92CF00538A08 /* Resources */,
			);
			buildRules = (
			);
			dependencies = (
				18DFA70E258A92CF00538A08 /* PBXTargetDependency */,
			);
			name = CodeChallenge1AllNativeTests;
			productName = CodeChallenge1AllNativeTests;
			productReference = 18DFA70C258A92CF00538A08 /* CodeChallenge1AllNativeTests.xctest */;
			productType = "com.apple.product-type.bundle.unit-test";
		};
		18DFA716258A92CF00538A08 /* CodeChallenge1AllNativeUITests */ = {
			isa = PBXNativeTarget;
			buildConfigurationList = 18DFA726258A92CF00538A08 /* Build configuration list for PBXNativeTarget "CodeChallenge1AllNativeUITests" */;
			buildPhases = (
				18DFA713258A92CF00538A08 /* Sources */,
				18DFA714258A92CF00538A08 /* Frameworks */,
				18DFA715258A92CF00538A08 /* Resources */,
			);
			buildRules = (
			);
			dependencies = (
				18DFA719258A92CF00538A08 /* PBXTargetDependency */,
			);
			name = CodeChallenge1AllNativeUITests;
			productName = CodeChallenge1AllNativeUITests;
			productReference = 18DFA717258A92CF00538A08 /* CodeChallenge1AllNativeUITests.xctest */;
			productType = "com.apple.product-type.bundle.ui-testing";
		};
		18DFA756258A93C400538A08 /* CodeChallengeModel */ = {
			isa = PBXNativeTarget;
			buildConfigurationList = 18DFA76E258A93C400538A08 /* Build configuration list for PBXNativeTarget "CodeChallengeModel" */;
			buildPhases = (
				18DFA752258A93C400538A08 /* Headers */,
				18DFA753258A93C400538A08 /* Sources */,
				18DFA754258A93C400538A08 /* Frameworks */,
				18DFA755258A93C400538A08 /* Resources */,
			);
			buildRules = (
			);
			dependencies = (
			);
			name = CodeChallengeModel;
			productName = CodeChallengeModel;
			productReference = 18DFA757258A93C400538A08 /* CodeChallengeModel.framework */;
			productType = "com.apple.product-type.framework";
		};
		18DFA75E258A93C400538A08 /* CodeChallengeModelTests */ = {
			isa = PBXNativeTarget;
			buildConfigurationList = 18DFA772258A93C400538A08 /* Build configuration list for PBXNativeTarget "CodeChallengeModelTests" */;
			buildPhases = (
				18DFA75B258A93C400538A08 /* Sources */,
				18DFA75C258A93C400538A08 /* Frameworks */,
				18DFA75D258A93C400538A08 /* Resources */,
			);
			buildRules = (
			);
			dependencies = (
				18DFA762258A93C400538A08 /* PBXTargetDependency */,
				18DFA764258A93C400538A08 /* PBXTargetDependency */,
			);
			name = CodeChallengeModelTests;
			productName = CodeChallengeModelTests;
			productReference = 18DFA75F258A93C400538A08 /* CodeChallengeModelTests.xctest */;
			productType = "com.apple.product-type.bundle.unit-test";
		};
/* End PBXNativeTarget section */

/* Begin PBXProject section */
		18DFA6EE258A92CE00538A08 /* Project object */ = {
			isa = PBXProject;
			attributes = {
				LastSwiftUpdateCheck = 1220;
				LastUpgradeCheck = 1220;
				TargetAttributes = {
					18DFA6F5258A92CE00538A08 = {
						CreatedOnToolsVersion = 12.2;
					};
					18DFA70B258A92CF00538A08 = {
						CreatedOnToolsVersion = 12.2;
						TestTargetID = 18DFA6F5258A92CE00538A08;
					};
					18DFA716258A92CF00538A08 = {
						CreatedOnToolsVersion = 12.2;
						TestTargetID = 18DFA6F5258A92CE00538A08;
					};
					18DFA756258A93C400538A08 = {
						CreatedOnToolsVersion = 12.2;
					};
					18DFA75E258A93C400538A08 = {
						CreatedOnToolsVersion = 12.2;
						TestTargetID = 18DFA6F5258A92CE00538A08;
					};
				};
			};
			buildConfigurationList = 18DFA6F1258A92CE00538A08 /* Build configuration list for PBXProject "CodeChallenge1AllNative" */;
			compatibilityVersion = "Xcode 9.3";
			developmentRegion = en;
			hasScannedForEncodings = 0;
			knownRegions = (
				en,
				Base,
			);
			mainGroup = 18DFA6ED258A92CE00538A08;
			productRefGroup = 18DFA6F7258A92CE00538A08 /* Products */;
			projectDirPath = "";
			projectRoot = "";
			targets = (
				18DFA6F5258A92CE00538A08 /* CodeChallenge1AllNative */,
				18DFA70B258A92CF00538A08 /* CodeChallenge1AllNativeTests */,
				18DFA716258A92CF00538A08 /* CodeChallenge1AllNativeUITests */,
				18DFA756258A93C400538A08 /* CodeChallengeModel */,
				18DFA75E258A93C400538A08 /* CodeChallengeModelTests */,
			);
		};
/* End PBXProject section */

/* Begin PBXResourcesBuildPhase section */
		18DFA6F4258A92CE00538A08 /* Resources */ = {
			isa = PBXResourcesBuildPhase;
			buildActionMask = 2147483647;
			files = (
				18DFA743258A933C00538A08 /* MetaData.storyboard in Resources */,
				18DFA746258A933C00538A08 /* SortUser.storyboard in Resources */,
				18DFA706258A92CF00538A08 /* LaunchScreen.storyboard in Resources */,
				18DFA742258A933C00538A08 /* UserList.storyboard in Resources */,
				18DFA744258A933C00538A08 /* Main.storyboard in Resources */,
				18DFA703258A92CF00538A08 /* Assets.xcassets in Resources */,
				18DFA745258A933C00538A08 /* AddUser.storyboard in Resources */,
				18DFA748258A933C00538A08 /* LoadingIndicatorTableHeaderFooterView.xib in Resources */,
			);
			runOnlyForDeploymentPostprocessing = 0;
		};
		18DFA70A258A92CF00538A08 /* Resources */ = {
			isa = PBXResourcesBuildPhase;
			buildActionMask = 2147483647;
			files = (
			);
			runOnlyForDeploymentPostprocessing = 0;
		};
		18DFA715258A92CF00538A08 /* Resources */ = {
			isa = PBXResourcesBuildPhase;
			buildActionMask = 2147483647;
			files = (
			);
			runOnlyForDeploymentPostprocessing = 0;
		};
		18DFA755258A93C400538A08 /* Resources */ = {
			isa = PBXResourcesBuildPhase;
			buildActionMask = 2147483647;
			files = (
			);
			runOnlyForDeploymentPostprocessing = 0;
		};
		18DFA75D258A93C400538A08 /* Resources */ = {
			isa = PBXResourcesBuildPhase;
			buildActionMask = 2147483647;
			files = (
			);
			runOnlyForDeploymentPostprocessing = 0;
		};
/* End PBXResourcesBuildPhase section */

/* Begin PBXSourcesBuildPhase section */
		18DFA6F2258A92CE00538A08 /* Sources */ = {
			isa = PBXSourcesBuildPhase;
			buildActionMask = 2147483647;
			files = (
				1813D7FC259147860042370A /* AddUserViewController.swift in Sources */,
				1813D7E0259004A60042370A /* TabBarViewController.swift in Sources */,
				18DFA6FA258A92CE00538A08 /* AppDelegate.swift in Sources */,
				18DFA824258B40DF00538A08 /* UserListViewModel.swift in Sources */,
				1813D7EC2590063E0042370A /* UserListDependencyContainer.swift in Sources */,
				1813D802259147C90042370A /* AddUserViewModel.swift in Sources */,
				18DFA6FC258A92CE00538A08 /* SceneDelegate.swift in Sources */,
				185237AC25927593003145F4 /* UIViewController+Alert.swift in Sources */,
				18DFA747258A933C00538A08 /* LoadingIndicatorTableHeaderFooterView.swift in Sources */,
				18DFA740258A933C00538A08 /* UserList+TableView.swift in Sources */,
				185237A22591A1E4003145F4 /* SortFieldsViewModel.swift in Sources */,
				18DFA837258C283A00538A08 /* UIScrollView.swift in Sources */,
				1852379C2591A14F003145F4 /* SortFieldsTableViewController.swift in Sources */,
				185237962591707F003145F4 /* UITextfield+Combine.swift in Sources */,
				1813D7E6259005DC0042370A /* AppDependencyContainer.swift in Sources */,
				18DFA741258A933C00538A08 /* UserListViewController.swift in Sources */,
			);
			runOnlyForDeploymentPostprocessing = 0;
		};
		18DFA708258A92CF00538A08 /* Sources */ = {
			isa = PBXSourcesBuildPhase;
			buildActionMask = 2147483647;
			files = (
				18DFA711258A92CF00538A08 /* CodeChallenge1AllNativeTests.swift in Sources */,
			);
			runOnlyForDeploymentPostprocessing = 0;
		};
		18DFA713258A92CF00538A08 /* Sources */ = {
			isa = PBXSourcesBuildPhase;
			buildActionMask = 2147483647;
			files = (
				18DFA71C258A92CF00538A08 /* CodeChallenge1AllNativeUITests.swift in Sources */,
			);
			runOnlyForDeploymentPostprocessing = 0;
		};
		18DFA753258A93C400538A08 /* Sources */ = {
			isa = PBXSourcesBuildPhase;
			buildActionMask = 2147483647;
			files = (
				18DFA7FA258AE71200538A08 /* UserRepository.swift in Sources */,
				18DFA7D4258AC6D800538A08 /* UserRestfulService.swift in Sources */,
				18DFA812258AF63800538A08 /* User+DTO.swift in Sources */,
				18DFA7F0258ADD2000538A08 /* UserReponseSuccessDTO.swift in Sources */,
				18DFA7BC258ABA9B00538A08 /* Endpoint.swift in Sources */,
				18DFA7A8258A97B400538A08 /* User.swift in Sources */,
				18DFA7AF258A9D0700538A08 /* UserDataRepository.swift in Sources */,
				1813D80C2591601E0042370A /* String+Email.swift in Sources */,
				18DFA7B6258AB14300538A08 /* UserService.swift in Sources */,
				1813D7F2259008460042370A /* UserDataDependencyFactory.swift in Sources */,
				18DFA793258A962B00538A08 /* NetworkConstants.swift in Sources */,
				18DFA78D258A960B00538A08 /* UserDTO.swift in Sources */,
				18DFA7DE258AD2C200538A08 /* UserReponseErrorDTO.swift in Sources */,
				18DFA780258A952900538A08 /* String+Date.swift in Sources */,
				18DFA7CD258AC57400538A08 /* UserService+Endpoint.swift in Sources */,
				18DFA7C2258AC03100538A08 /* APIError.swift in Sources */,
			);
			runOnlyForDeploymentPostprocessing = 0;
		};
		18DFA75B258A93C400538A08 /* Sources */ = {
			isa = PBXSourcesBuildPhase;
			buildActionMask = 2147483647;
			files = (
				18DFA767258A93C400538A08 /* CodeChallengeModelTests.swift in Sources */,
			);
			runOnlyForDeploymentPostprocessing = 0;
		};
/* End PBXSourcesBuildPhase section */

/* Begin PBXTargetDependency section */
		18DFA70E258A92CF00538A08 /* PBXTargetDependency */ = {
			isa = PBXTargetDependency;
			target = 18DFA6F5258A92CE00538A08 /* CodeChallenge1AllNative */;
			targetProxy = 18DFA70D258A92CF00538A08 /* PBXContainerItemProxy */;
		};
		18DFA719258A92CF00538A08 /* PBXTargetDependency */ = {
			isa = PBXTargetDependency;
			target = 18DFA6F5258A92CE00538A08 /* CodeChallenge1AllNative */;
			targetProxy = 18DFA718258A92CF00538A08 /* PBXContainerItemProxy */;
		};
		18DFA762258A93C400538A08 /* PBXTargetDependency */ = {
			isa = PBXTargetDependency;
			target = 18DFA756258A93C400538A08 /* CodeChallengeModel */;
			targetProxy = 18DFA761258A93C400538A08 /* PBXContainerItemProxy */;
		};
		18DFA764258A93C400538A08 /* PBXTargetDependency */ = {
			isa = PBXTargetDependency;
			target = 18DFA6F5258A92CE00538A08 /* CodeChallenge1AllNative */;
			targetProxy = 18DFA763258A93C400538A08 /* PBXContainerItemProxy */;
		};
		18DFA76B258A93C400538A08 /* PBXTargetDependency */ = {
			isa = PBXTargetDependency;
			target = 18DFA756258A93C400538A08 /* CodeChallengeModel */;
			targetProxy = 18DFA76A258A93C400538A08 /* PBXContainerItemProxy */;
		};
/* End PBXTargetDependency section */

/* Begin PBXVariantGroup section */
		18DFA704258A92CF00538A08 /* LaunchScreen.storyboard */ = {
			isa = PBXVariantGroup;
			children = (
				18DFA705258A92CF00538A08 /* Base */,
			);
			name = LaunchScreen.storyboard;
			sourceTree = "<group>";
		};
		18DFA735258A933C00538A08 /* Main.storyboard */ = {
			isa = PBXVariantGroup;
			children = (
				18DFA736258A933C00538A08 /* Base */,
			);
			name = Main.storyboard;
			sourceTree = "<group>";
		};
/* End PBXVariantGroup section */

/* Begin XCBuildConfiguration section */
		18DFA71E258A92CF00538A08 /* Debug */ = {
			isa = XCBuildConfiguration;
			buildSettings = {
				ALWAYS_SEARCH_USER_PATHS = NO;
				CLANG_ANALYZER_NONNULL = YES;
				CLANG_ANALYZER_NUMBER_OBJECT_CONVERSION = YES_AGGRESSIVE;
				CLANG_CXX_LANGUAGE_STANDARD = "gnu++14";
				CLANG_CXX_LIBRARY = "libc++";
				CLANG_ENABLE_MODULES = YES;
				CLANG_ENABLE_OBJC_ARC = YES;
				CLANG_ENABLE_OBJC_WEAK = YES;
				CLANG_WARN_BLOCK_CAPTURE_AUTORELEASING = YES;
				CLANG_WARN_BOOL_CONVERSION = YES;
				CLANG_WARN_COMMA = YES;
				CLANG_WARN_CONSTANT_CONVERSION = YES;
				CLANG_WARN_DEPRECATED_OBJC_IMPLEMENTATIONS = YES;
				CLANG_WARN_DIRECT_OBJC_ISA_USAGE = YES_ERROR;
				CLANG_WARN_DOCUMENTATION_COMMENTS = YES;
				CLANG_WARN_EMPTY_BODY = YES;
				CLANG_WARN_ENUM_CONVERSION = YES;
				CLANG_WARN_INFINITE_RECURSION = YES;
				CLANG_WARN_INT_CONVERSION = YES;
				CLANG_WARN_NON_LITERAL_NULL_CONVERSION = YES;
				CLANG_WARN_OBJC_IMPLICIT_RETAIN_SELF = YES;
				CLANG_WARN_OBJC_LITERAL_CONVERSION = YES;
				CLANG_WARN_OBJC_ROOT_CLASS = YES_ERROR;
				CLANG_WARN_QUOTED_INCLUDE_IN_FRAMEWORK_HEADER = YES;
				CLANG_WARN_RANGE_LOOP_ANALYSIS = YES;
				CLANG_WARN_STRICT_PROTOTYPES = YES;
				CLANG_WARN_SUSPICIOUS_MOVE = YES;
				CLANG_WARN_UNGUARDED_AVAILABILITY = YES_AGGRESSIVE;
				CLANG_WARN_UNREACHABLE_CODE = YES;
				CLANG_WARN__DUPLICATE_METHOD_MATCH = YES;
				COPY_PHASE_STRIP = NO;
				DEBUG_INFORMATION_FORMAT = dwarf;
				ENABLE_STRICT_OBJC_MSGSEND = YES;
				ENABLE_TESTABILITY = YES;
				GCC_C_LANGUAGE_STANDARD = gnu11;
				GCC_DYNAMIC_NO_PIC = NO;
				GCC_NO_COMMON_BLOCKS = YES;
				GCC_OPTIMIZATION_LEVEL = 0;
				GCC_PREPROCESSOR_DEFINITIONS = (
					"DEBUG=1",
					"$(inherited)",
				);
				GCC_WARN_64_TO_32_BIT_CONVERSION = YES;
				GCC_WARN_ABOUT_RETURN_TYPE = YES_ERROR;
				GCC_WARN_UNDECLARED_SELECTOR = YES;
				GCC_WARN_UNINITIALIZED_AUTOS = YES_AGGRESSIVE;
				GCC_WARN_UNUSED_FUNCTION = YES;
				GCC_WARN_UNUSED_VARIABLE = YES;
				IPHONEOS_DEPLOYMENT_TARGET = 14.2;
				MTL_ENABLE_DEBUG_INFO = INCLUDE_SOURCE;
				MTL_FAST_MATH = YES;
				ONLY_ACTIVE_ARCH = YES;
				SDKROOT = iphoneos;
				SWIFT_ACTIVE_COMPILATION_CONDITIONS = DEBUG;
				SWIFT_OPTIMIZATION_LEVEL = "-Onone";
			};
			name = Debug;
		};
		18DFA71F258A92CF00538A08 /* Release */ = {
			isa = XCBuildConfiguration;
			buildSettings = {
				ALWAYS_SEARCH_USER_PATHS = NO;
				CLANG_ANALYZER_NONNULL = YES;
				CLANG_ANALYZER_NUMBER_OBJECT_CONVERSION = YES_AGGRESSIVE;
				CLANG_CXX_LANGUAGE_STANDARD = "gnu++14";
				CLANG_CXX_LIBRARY = "libc++";
				CLANG_ENABLE_MODULES = YES;
				CLANG_ENABLE_OBJC_ARC = YES;
				CLANG_ENABLE_OBJC_WEAK = YES;
				CLANG_WARN_BLOCK_CAPTURE_AUTORELEASING = YES;
				CLANG_WARN_BOOL_CONVERSION = YES;
				CLANG_WARN_COMMA = YES;
				CLANG_WARN_CONSTANT_CONVERSION = YES;
				CLANG_WARN_DEPRECATED_OBJC_IMPLEMENTATIONS = YES;
				CLANG_WARN_DIRECT_OBJC_ISA_USAGE = YES_ERROR;
				CLANG_WARN_DOCUMENTATION_COMMENTS = YES;
				CLANG_WARN_EMPTY_BODY = YES;
				CLANG_WARN_ENUM_CONVERSION = YES;
				CLANG_WARN_INFINITE_RECURSION = YES;
				CLANG_WARN_INT_CONVERSION = YES;
				CLANG_WARN_NON_LITERAL_NULL_CONVERSION = YES;
				CLANG_WARN_OBJC_IMPLICIT_RETAIN_SELF = YES;
				CLANG_WARN_OBJC_LITERAL_CONVERSION = YES;
				CLANG_WARN_OBJC_ROOT_CLASS = YES_ERROR;
				CLANG_WARN_QUOTED_INCLUDE_IN_FRAMEWORK_HEADER = YES;
				CLANG_WARN_RANGE_LOOP_ANALYSIS = YES;
				CLANG_WARN_STRICT_PROTOTYPES = YES;
				CLANG_WARN_SUSPICIOUS_MOVE = YES;
				CLANG_WARN_UNGUARDED_AVAILABILITY = YES_AGGRESSIVE;
				CLANG_WARN_UNREACHABLE_CODE = YES;
				CLANG_WARN__DUPLICATE_METHOD_MATCH = YES;
				COPY_PHASE_STRIP = NO;
				DEBUG_INFORMATION_FORMAT = "dwarf-with-dsym";
				ENABLE_NS_ASSERTIONS = NO;
				ENABLE_STRICT_OBJC_MSGSEND = YES;
				GCC_C_LANGUAGE_STANDARD = gnu11;
				GCC_NO_COMMON_BLOCKS = YES;
				GCC_WARN_64_TO_32_BIT_CONVERSION = YES;
				GCC_WARN_ABOUT_RETURN_TYPE = YES_ERROR;
				GCC_WARN_UNDECLARED_SELECTOR = YES;
				GCC_WARN_UNINITIALIZED_AUTOS = YES_AGGRESSIVE;
				GCC_WARN_UNUSED_FUNCTION = YES;
				GCC_WARN_UNUSED_VARIABLE = YES;
				IPHONEOS_DEPLOYMENT_TARGET = 14.2;
				MTL_ENABLE_DEBUG_INFO = NO;
				MTL_FAST_MATH = YES;
				SDKROOT = iphoneos;
				SWIFT_COMPILATION_MODE = wholemodule;
				SWIFT_OPTIMIZATION_LEVEL = "-O";
				VALIDATE_PRODUCT = YES;
			};
			name = Release;
		};
		18DFA721258A92CF00538A08 /* Debug */ = {
			isa = XCBuildConfiguration;
			buildSettings = {
				ALWAYS_EMBED_SWIFT_STANDARD_LIBRARIES = YES;
				ASSETCATALOG_COMPILER_APPICON_NAME = AppIcon;
				ASSETCATALOG_COMPILER_GLOBAL_ACCENT_COLOR_NAME = AccentColor;
				CODE_SIGN_STYLE = Automatic;
				INFOPLIST_FILE = CodeChallenge1AllNative/Info.plist;
				LD_RUNPATH_SEARCH_PATHS = (
					"$(inherited)",
					"@executable_path/Frameworks",
				);
				PRODUCT_BUNDLE_IDENTIFIER = "com.harman-orsay.CodeChallenge1AllNative";
				PRODUCT_NAME = "$(TARGET_NAME)";
				SWIFT_VERSION = 5.0;
				TARGETED_DEVICE_FAMILY = "1,2";
			};
			name = Debug;
		};
		18DFA722258A92CF00538A08 /* Release */ = {
			isa = XCBuildConfiguration;
			buildSettings = {
				ALWAYS_EMBED_SWIFT_STANDARD_LIBRARIES = YES;
				ASSETCATALOG_COMPILER_APPICON_NAME = AppIcon;
				ASSETCATALOG_COMPILER_GLOBAL_ACCENT_COLOR_NAME = AccentColor;
				CODE_SIGN_STYLE = Automatic;
				INFOPLIST_FILE = CodeChallenge1AllNative/Info.plist;
				LD_RUNPATH_SEARCH_PATHS = (
					"$(inherited)",
					"@executable_path/Frameworks",
				);
				PRODUCT_BUNDLE_IDENTIFIER = "com.harman-orsay.CodeChallenge1AllNative";
				PRODUCT_NAME = "$(TARGET_NAME)";
				SWIFT_VERSION = 5.0;
				TARGETED_DEVICE_FAMILY = "1,2";
			};
			name = Release;
		};
		18DFA724258A92CF00538A08 /* Debug */ = {
			isa = XCBuildConfiguration;
			buildSettings = {
				ALWAYS_EMBED_SWIFT_STANDARD_LIBRARIES = YES;
				BUNDLE_LOADER = "$(TEST_HOST)";
				CODE_SIGN_STYLE = Automatic;
				INFOPLIST_FILE = CodeChallenge1AllNativeTests/Info.plist;
				IPHONEOS_DEPLOYMENT_TARGET = 14.2;
				LD_RUNPATH_SEARCH_PATHS = (
					"$(inherited)",
					"@executable_path/Frameworks",
					"@loader_path/Frameworks",
				);
				PRODUCT_BUNDLE_IDENTIFIER = "com.harman-orsay.CodeChallenge1AllNativeTests";
				PRODUCT_NAME = "$(TARGET_NAME)";
				SWIFT_VERSION = 5.0;
				TARGETED_DEVICE_FAMILY = "1,2";
				TEST_HOST = "$(BUILT_PRODUCTS_DIR)/CodeChallenge1AllNative.app/CodeChallenge1AllNative";
			};
			name = Debug;
		};
		18DFA725258A92CF00538A08 /* Release */ = {
			isa = XCBuildConfiguration;
			buildSettings = {
				ALWAYS_EMBED_SWIFT_STANDARD_LIBRARIES = YES;
				BUNDLE_LOADER = "$(TEST_HOST)";
				CODE_SIGN_STYLE = Automatic;
				INFOPLIST_FILE = CodeChallenge1AllNativeTests/Info.plist;
				IPHONEOS_DEPLOYMENT_TARGET = 14.2;
				LD_RUNPATH_SEARCH_PATHS = (
					"$(inherited)",
					"@executable_path/Frameworks",
					"@loader_path/Frameworks",
				);
				PRODUCT_BUNDLE_IDENTIFIER = "com.harman-orsay.CodeChallenge1AllNativeTests";
				PRODUCT_NAME = "$(TARGET_NAME)";
				SWIFT_VERSION = 5.0;
				TARGETED_DEVICE_FAMILY = "1,2";
				TEST_HOST = "$(BUILT_PRODUCTS_DIR)/CodeChallenge1AllNative.app/CodeChallenge1AllNative";
			};
			name = Release;
		};
		18DFA727258A92CF00538A08 /* Debug */ = {
			isa = XCBuildConfiguration;
			buildSettings = {
				ALWAYS_EMBED_SWIFT_STANDARD_LIBRARIES = YES;
				CODE_SIGN_STYLE = Automatic;
				INFOPLIST_FILE = CodeChallenge1AllNativeUITests/Info.plist;
				LD_RUNPATH_SEARCH_PATHS = (
					"$(inherited)",
					"@executable_path/Frameworks",
					"@loader_path/Frameworks",
				);
				PRODUCT_BUNDLE_IDENTIFIER = "com.harman-orsay.CodeChallenge1AllNativeUITests";
				PRODUCT_NAME = "$(TARGET_NAME)";
				SWIFT_VERSION = 5.0;
				TARGETED_DEVICE_FAMILY = "1,2";
				TEST_TARGET_NAME = CodeChallenge1AllNative;
			};
			name = Debug;
		};
		18DFA728258A92CF00538A08 /* Release */ = {
			isa = XCBuildConfiguration;
			buildSettings = {
				ALWAYS_EMBED_SWIFT_STANDARD_LIBRARIES = YES;
				CODE_SIGN_STYLE = Automatic;
				INFOPLIST_FILE = CodeChallenge1AllNativeUITests/Info.plist;
				LD_RUNPATH_SEARCH_PATHS = (
					"$(inherited)",
					"@executable_path/Frameworks",
					"@loader_path/Frameworks",
				);
				PRODUCT_BUNDLE_IDENTIFIER = "com.harman-orsay.CodeChallenge1AllNativeUITests";
				PRODUCT_NAME = "$(TARGET_NAME)";
				SWIFT_VERSION = 5.0;
				TARGETED_DEVICE_FAMILY = "1,2";
				TEST_TARGET_NAME = CodeChallenge1AllNative;
			};
			name = Release;
		};
		18DFA76F258A93C400538A08 /* Debug */ = {
			isa = XCBuildConfiguration;
			buildSettings = {
				CODE_SIGN_STYLE = Automatic;
				CURRENT_PROJECT_VERSION = 1;
				DEFINES_MODULE = YES;
				DYLIB_COMPATIBILITY_VERSION = 1;
				DYLIB_CURRENT_VERSION = 1;
				DYLIB_INSTALL_NAME_BASE = "@rpath";
				INFOPLIST_FILE = CodeChallengeModel/Info.plist;
				INSTALL_PATH = "$(LOCAL_LIBRARY_DIR)/Frameworks";
				LD_RUNPATH_SEARCH_PATHS = (
					"$(inherited)",
					"@executable_path/Frameworks",
					"@loader_path/Frameworks",
				);
				PRODUCT_BUNDLE_IDENTIFIER = "com.harman-orsay.CodeChallengeModel";
				PRODUCT_NAME = "$(TARGET_NAME:c99extidentifier)";
				SKIP_INSTALL = YES;
				SWIFT_VERSION = 5.0;
				TARGETED_DEVICE_FAMILY = "1,2";
				VERSIONING_SYSTEM = "apple-generic";
				VERSION_INFO_PREFIX = "";
			};
			name = Debug;
		};
		18DFA770258A93C400538A08 /* Release */ = {
			isa = XCBuildConfiguration;
			buildSettings = {
				CODE_SIGN_STYLE = Automatic;
				CURRENT_PROJECT_VERSION = 1;
				DEFINES_MODULE = YES;
				DYLIB_COMPATIBILITY_VERSION = 1;
				DYLIB_CURRENT_VERSION = 1;
				DYLIB_INSTALL_NAME_BASE = "@rpath";
				INFOPLIST_FILE = CodeChallengeModel/Info.plist;
				INSTALL_PATH = "$(LOCAL_LIBRARY_DIR)/Frameworks";
				LD_RUNPATH_SEARCH_PATHS = (
					"$(inherited)",
					"@executable_path/Frameworks",
					"@loader_path/Frameworks",
				);
				PRODUCT_BUNDLE_IDENTIFIER = "com.harman-orsay.CodeChallengeModel";
				PRODUCT_NAME = "$(TARGET_NAME:c99extidentifier)";
				SKIP_INSTALL = YES;
				SWIFT_VERSION = 5.0;
				TARGETED_DEVICE_FAMILY = "1,2";
				VERSIONING_SYSTEM = "apple-generic";
				VERSION_INFO_PREFIX = "";
			};
			name = Release;
		};
		18DFA773258A93C400538A08 /* Debug */ = {
			isa = XCBuildConfiguration;
			buildSettings = {
				ALWAYS_EMBED_SWIFT_STANDARD_LIBRARIES = YES;
				CODE_SIGN_STYLE = Automatic;
				INFOPLIST_FILE = CodeChallengeModelTests/Info.plist;
				LD_RUNPATH_SEARCH_PATHS = (
					"$(inherited)",
					"@executable_path/Frameworks",
					"@loader_path/Frameworks",
				);
				PRODUCT_BUNDLE_IDENTIFIER = "com.harman-orsay.CodeChallengeModelTests";
				PRODUCT_NAME = "$(TARGET_NAME)";
				SWIFT_VERSION = 5.0;
				TARGETED_DEVICE_FAMILY = "1,2";
				TEST_HOST = "$(BUILT_PRODUCTS_DIR)/CodeChallenge1AllNative.app/CodeChallenge1AllNative";
			};
			name = Debug;
		};
		18DFA774258A93C400538A08 /* Release */ = {
			isa = XCBuildConfiguration;
			buildSettings = {
				ALWAYS_EMBED_SWIFT_STANDARD_LIBRARIES = YES;
				CODE_SIGN_STYLE = Automatic;
				INFOPLIST_FILE = CodeChallengeModelTests/Info.plist;
				LD_RUNPATH_SEARCH_PATHS = (
					"$(inherited)",
					"@executable_path/Frameworks",
					"@loader_path/Frameworks",
				);
				PRODUCT_BUNDLE_IDENTIFIER = "com.harman-orsay.CodeChallengeModelTests";
				PRODUCT_NAME = "$(TARGET_NAME)";
				SWIFT_VERSION = 5.0;
				TARGETED_DEVICE_FAMILY = "1,2";
				TEST_HOST = "$(BUILT_PRODUCTS_DIR)/CodeChallenge1AllNative.app/CodeChallenge1AllNative";
			};
			name = Release;
		};
/* End XCBuildConfiguration section */

/* Begin XCConfigurationList section */
		18DFA6F1258A92CE00538A08 /* Build configuration list for PBXProject "CodeChallenge1AllNative" */ = {
			isa = XCConfigurationList;
			buildConfigurations = (
				18DFA71E258A92CF00538A08 /* Debug */,
				18DFA71F258A92CF00538A08 /* Release */,
			);
			defaultConfigurationIsVisible = 0;
			defaultConfigurationName = Release;
		};
		18DFA720258A92CF00538A08 /* Build configuration list for PBXNativeTarget "CodeChallenge1AllNative" */ = {
			isa = XCConfigurationList;
			buildConfigurations = (
				18DFA721258A92CF00538A08 /* Debug */,
				18DFA722258A92CF00538A08 /* Release */,
			);
			defaultConfigurationIsVisible = 0;
			defaultConfigurationName = Release;
		};
		18DFA723258A92CF00538A08 /* Build configuration list for PBXNativeTarget "CodeChallenge1AllNativeTests" */ = {
			isa = XCConfigurationList;
			buildConfigurations = (
				18DFA724258A92CF00538A08 /* Debug */,
				18DFA725258A92CF00538A08 /* Release */,
			);
			defaultConfigurationIsVisible = 0;
			defaultConfigurationName = Release;
		};
		18DFA726258A92CF00538A08 /* Build configuration list for PBXNativeTarget "CodeChallenge1AllNativeUITests" */ = {
			isa = XCConfigurationList;
			buildConfigurations = (
				18DFA727258A92CF00538A08 /* Debug */,
				18DFA728258A92CF00538A08 /* Release */,
			);
			defaultConfigurationIsVisible = 0;
			defaultConfigurationName = Release;
		};
		18DFA76E258A93C400538A08 /* Build configuration list for PBXNativeTarget "CodeChallengeModel" */ = {
			isa = XCConfigurationList;
			buildConfigurations = (
				18DFA76F258A93C400538A08 /* Debug */,
				18DFA770258A93C400538A08 /* Release */,
			);
			defaultConfigurationIsVisible = 0;
			defaultConfigurationName = Release;
		};
		18DFA772258A93C400538A08 /* Build configuration list for PBXNativeTarget "CodeChallengeModelTests" */ = {
			isa = XCConfigurationList;
			buildConfigurations = (
				18DFA773258A93C400538A08 /* Debug */,
				18DFA774258A93C400538A08 /* Release */,
			);
			defaultConfigurationIsVisible = 0;
			defaultConfigurationName = Release;
		};
/* End XCConfigurationList section */
	};
	rootObject = 18DFA6EE258A92CE00538A08 /* Project object */;
}
